
Microsoft Visual Studio Solution File, Format Version 12.00
# Visual Studio 15
VisualStudioVersion = 15.0.27130.2010
MinimumVisualStudioVersion = 10.0.40219.1
Project("{FAE04EC0-301F-11D3-BF4B-00C04F79EFBC}") = "CarRent", "CarRent\CarRent.csproj", "{CAF5184D-DF93-4F16-BB55-19E91BF28F3A}"
EndProject
Project("{FAE04EC0-301F-11D3-BF4B-00C04F79EFBC}") = "CarRentTests", "CarRentTests\CarRentTests.csproj", "{BC4129F6-E1D1-4C7E-BB38-252F64DE23C0}"
EndProject
Global
	GlobalSection(SolutionConfigurationPlatforms) = preSolution
		Debug|Any CPU = Debug|Any CPU
		Release|Any CPU = Release|Any CPU
	EndGlobalSection
	GlobalSection(ProjectConfigurationPlatforms) = postSolution
		{CAF5184D-DF93-4F16-BB55-19E91BF28F3A}.Debug|Any CPU.ActiveCfg = Debug|Any CPU
		{CAF5184D-DF93-4F16-BB55-19E91BF28F3A}.Debug|Any CPU.Build.0 = Debug|Any CPU
		{CAF5184D-DF93-4F16-BB55-19E91BF28F3A}.Release|Any CPU.ActiveCfg = Release|Any CPU
		{CAF5184D-DF93-4F16-BB55-19E91BF28F3A}.Release|Any CPU.Build.0 = Release|Any CPU
		{BC4129F6-E1D1-4C7E-BB38-252F64DE23C0}.Debug|Any CPU.ActiveCfg = Debug|Any CPU
		{BC4129F6-E1D1-4C7E-BB38-252F64DE23C0}.Debug|Any CPU.Build.0 = Debug|Any CPU
		{BC4129F6-E1D1-4C7E-BB38-252F64DE23C0}.Release|Any CPU.ActiveCfg = Release|Any CPU
		{BC4129F6-E1D1-4C7E-BB38-252F64DE23C0}.Release|Any CPU.Build.0 = Release|Any CPU
	EndGlobalSection
	GlobalSection(SolutionProperties) = preSolution
		HideSolutionNode = FALSE
	EndGlobalSection
	GlobalSection(ExtensibilityGlobals) = postSolution
		SolutionGuid = {F31BF089-9368-400B-8055-1813D7690A5B}
	EndGlobalSection
EndGlobal
